
Microsoft Visual Studio Solution File, Format Version 12.00
# Visual Studio Version 17
VisualStudioVersion = 17.11.35312.102
MinimumVisualStudioVersion = 10.0.40219.1
Project("{888888A0-9F3D-457C-B088-3A5042F75D52}") = "PythonApplication1", "PythonApplication1.pyproj", "{655326C7-8204-49C8-BD8C-3EE9C7D1E004}"
EndProject
Global
	GlobalSection(SolutionConfigurationPlatforms) = preSolution
		Debug|Any CPU = Debug|Any CPU
		Release|Any CPU = Release|Any CPU
	EndGlobalSection
	GlobalSection(ProjectConfigurationPlatforms) = postSolution
		{655326C7-8204-49C8-BD8C-3EE9C7D1E004}.Debug|Any CPU.ActiveCfg = Debug|Any CPU
		{655326C7-8204-49C8-BD8C-3EE9C7D1E004}.Release|Any CPU.ActiveCfg = Release|Any CPU
	EndGlobalSection
	GlobalSection(SolutionProperties) = preSolution
		HideSolutionNode = FALSE
	EndGlobalSection
	GlobalSection(ExtensibilityGlobals) = postSolution
		SolutionGuid = {1F366916-8AFF-4564-8A38-DB14F039D7D7}
	EndGlobalSection
EndGlobal
